{
  "name": "startbootstrap",
  "version": "1.0.0",
  "lockfileVersion": 1,
  "requires": true,
  "dependencies": {
    "bezier-easing": {
      "version": "2.0.3",
      "resolved": "https://registry.npmjs.org/bezier-easing/-/bezier-easing-2.0.3.tgz",
      "integrity": "sha1-y0k/3bf4kg7MoAlzNEzgUYiF8X4="
    },
    "bootstrap": {
      "version": "4.1.1",
      "resolved": "https://registry.npmjs.org/bootstrap/-/bootstrap-4.1.1.tgz",
      "integrity": "sha512-SpiDSOcbg4J/PjVSt4ny5eY6j74VbVSjROY4Fb/WIUXBV9cnb5luyR4KnPvNoXuGnBK1T+nJIWqRsvU3yP8Mcg=="
    },
    "font-awesome": {
      "version": "4.7.0",
      "resolved": "https://registry.npmjs.org/font-awesome/-/font-awesome-4.7.0.tgz",
      "integrity": "sha1-j6jPBBGhoxr9B7BtKQK7n8gVoTM="
    },
    "jquery": {
      "version": "3.3.1",
      "resolved": "https://registry.npmjs.org/jquery/-/jquery-3.3.1.tgz",
      "integrity": "sha512-Ubldcmxp5np52/ENotGxlLe6aGMvmF4R8S6tZjsP6Knsaxd/xp3Zrh50cG93lR6nPXyUFwzN3ZSOQI0wRJNdGg=="
    },
    "jquery.easing": {
      "version": "1.4.1",
      "resolved": "https://registry.npmjs.org/jquery.easing/-/jquery.easing-1.4.1.tgz",
      "integrity": "sha1-R5gsWDa9dY/UhJSSPEoQHvbpPjs="
    },
    "vue-scrollto": {
      "version": "2.11.0",
      "resolved": "https://registry.npmjs.org/vue-scrollto/-/vue-scrollto-2.11.0.tgz",
      "integrity": "sha512-kNR7YHjtJQyoIh5rdRjQw+Abk03DPhwKy8KXYlXmzbLn+0R5Oye//ktylK8un+CuhzUbt51HIHSQvZr7lFRK1A==",
      "requires": {
        "bezier-easing": "2.0.3"
      }
    }
  }
}
